// !$*UTF8*$!
{
	archiveVersion = 1;
	classes = {
	};
	objectVersion = 50;
	objects = {

/* Begin PBXBuildFile section */
		4C752C4120D23FFA008F6FB6 /* AppDelegate.m in Sources */ = {isa = PBXBuildFile; fileRef = 4C752C4020D23FFA008F6FB6 /* AppDelegate.m */; };
		4C752C4420D23FFA008F6FB6 /* ViewController.m in Sources */ = {isa = PBXBuildFile; fileRef = 4C752C4320D23FFA008F6FB6 /* ViewController.m */; };
		4C752C4720D23FFA008F6FB6 /* Main.storyboard in Resources */ = {isa = PBXBuildFile; fileRef = 4C752C4520D23FFA008F6FB6 /* Main.storyboard */; };
		4C752C4920D23FFB008F6FB6 /* Assets.xcassets in Resources */ = {isa = PBXBuildFile; fileRef = 4C752C4820D23FFB008F6FB6 /* Assets.xcassets */; };
		4C752C4C20D23FFB008F6FB6 /* LaunchScreen.storyboard in Resources */ = {isa = PBXBuildFile; fileRef = 4C752C4A20D23FFB008F6FB6 /* LaunchScreen.storyboard */; };
		4C752C4F20D23FFB008F6FB6 /* main.m in Sources */ = {isa = PBXBuildFile; fileRef = 4C752C4E20D23FFB008F6FB6 /* main.m */; };
		4C752C5920D23FFC008F6FB6 /* JKAddressPickViewTests.m in Sources */ = {isa = PBXBuildFile; fileRef = 4C752C5820D23FFC008F6FB6 /* JKAddressPickViewTests.m */; };
		4C752C6420D23FFC008F6FB6 /* JKAddressPickViewUITests.m in Sources */ = {isa = PBXBuildFile; fileRef = 4C752C6320D23FFC008F6FB6 /* JKAddressPickViewUITests.m */; };
		4C752C7420D24082008F6FB6 /* JKAddressPickView.m in Sources */ = {isa = PBXBuildFile; fileRef = 4C752C7220D24082008F6FB6 /* JKAddressPickView.m */; };
		4C752C7720D24108008F6FB6 /* UIView+Category.m in Sources */ = {isa = PBXBuildFile; fileRef = 4C752C7620D24108008F6FB6 /* UIView+Category.m */; };
		4C752C7920D24263008F6FB6 /* area.json in Resources */ = {isa = PBXBuildFile; fileRef = 4C752C7820D24263008F6FB6 /* area.json */; };
		4C752C7C20D24456008F6FB6 /* UIColor+Hex.m in Sources */ = {isa = PBXBuildFile; fileRef = 4C752C7B20D24456008F6FB6 /* UIColor+Hex.m */; };
		4C752C8020D25BB3008F6FB6 /* JKAddressTableViewCell.m in Sources */ = {isa = PBXBuildFile; fileRef = 4C752C7E20D25BB3008F6FB6 /* JKAddressTableViewCell.m */; };
		4C752C8120D25BB3008F6FB6 /* JKAddressTableViewCell.xib in Resources */ = {isa = PBXBuildFile; fileRef = 4C752C7F20D25BB3008F6FB6 /* JKAddressTableViewCell.xib */; };
/* End PBXBuildFile section */

/* Begin PBXContainerItemProxy section */
		4C752C5520D23FFC008F6FB6 /* PBXContainerItemProxy */ = {
			isa = PBXContainerItemProxy;
			containerPortal = 4C752C3420D23FF9008F6FB6 /* Project object */;
			proxyType = 1;
			remoteGlobalIDString = 4C752C3B20D23FF9008F6FB6;
			remoteInfo = JKAddressPickView;
		};
		4C752C6020D23FFC008F6FB6 /* PBXContainerItemProxy */ = {
			isa = PBXContainerItemProxy;
			containerPortal = 4C752C3420D23FF9008F6FB6 /* Project object */;
			proxyType = 1;
			remoteGlobalIDString = 4C752C3B20D23FF9008F6FB6;
			remoteInfo = JKAddressPickView;
		};
/* End PBXContainerItemProxy section */

/* Begin PBXFileReference section */
		4C752C3C20D23FF9008F6FB6 /* JKAddressPickView.app */ = {isa = PBXFileReference; explicitFileType = wrapper.application; includeInIndex = 0; path = JKAddressPickView.app; sourceTree = BUILT_PRODUCTS_DIR; };
		4C752C3F20D23FF9008F6FB6 /* AppDelegate.h */ = {isa = PBXFileReference; lastKnownFileType = sourcecode.c.h; path = AppDelegate.h; sourceTree = "<group>"; };
		4C752C4020D23FFA008F6FB6 /* AppDelegate.m */ = {isa = PBXFileReference; lastKnownFileType = sourcecode.c.objc; path = AppDelegate.m; sourceTree = "<group>"; };
		4C752C4220D23FFA008F6FB6 /* ViewController.h */ = {isa = PBXFileReference; lastKnownFileType = sourcecode.c.h; path = ViewController.h; sourceTree = "<group>"; };
		4C752C4320D23FFA008F6FB6 /* ViewController.m */ = {isa = PBXFileReference; lastKnownFileType = sourcecode.c.objc; path = ViewController.m; sourceTree = "<group>"; };
		4C752C4620D23FFA008F6FB6 /* Base */ = {isa = PBXFileReference; lastKnownFileType = file.storyboard; name = Base; path = Base.lproj/Main.storyboard; sourceTree = "<group>"; };
		4C752C4820D23FFB008F6FB6 /* Assets.xcassets */ = {isa = PBXFileReference; lastKnownFileType = folder.assetcatalog; path = Assets.xcassets; sourceTree = "<group>"; };
		4C752C4B20D23FFB008F6FB6 /* Base */ = {isa = PBXFileReference; lastKnownFileType = file.storyboard; name = Base; path = Base.lproj/LaunchScreen.storyboard; sourceTree = "<group>"; };
		4C752C4D20D23FFB008F6FB6 /* Info.plist */ = {isa = PBXFileReference; lastKnownFileType = text.plist.xml; path = Info.plist; sourceTree = "<group>"; };
		4C752C4E20D23FFB008F6FB6 /* main.m */ = {isa = PBXFileReference; lastKnownFileType = sourcecode.c.objc; path = main.m; sourceTree = "<group>"; };
		4C752C5420D23FFC008F6FB6 /* JKAddressPickViewTests.xctest */ = {isa = PBXFileReference; explicitFileType = wrapper.cfbundle; includeInIndex = 0; path = JKAddressPickViewTests.xctest; sourceTree = BUILT_PRODUCTS_DIR; };
		4C752C5820D23FFC008F6FB6 /* JKAddressPickViewTests.m */ = {isa = PBXFileReference; lastKnownFileType = sourcecode.c.objc; path = JKAddressPickViewTests.m; sourceTree = "<group>"; };
		4C752C5A20D23FFC008F6FB6 /* Info.plist */ = {isa = PBXFileReference; lastKnownFileType = text.plist.xml; path = Info.plist; sourceTree = "<group>"; };
		4C752C5F20D23FFC008F6FB6 /* JKAddressPickViewUITests.xctest */ = {isa = PBXFileReference; explicitFileType = wrapper.cfbundle; includeInIndex = 0; path = JKAddressPickViewUITests.xctest; sourceTree = BUILT_PRODUCTS_DIR; };
		4C752C6320D23FFC008F6FB6 /* JKAddressPickViewUITests.m */ = {isa = PBXFileReference; lastKnownFileType = sourcecode.c.objc; path = JKAddressPickViewUITests.m; sourceTree = "<group>"; };
		4C752C6520D23FFC008F6FB6 /* Info.plist */ = {isa = PBXFileReference; lastKnownFileType = text.plist.xml; path = Info.plist; sourceTree = "<group>"; };
		4C752C7220D24082008F6FB6 /* JKAddressPickView.m */ = {isa = PBXFileReference; fileEncoding = 4; lastKnownFileType = sourcecode.c.objc; path = JKAddressPickView.m; sourceTree = "<group>"; };
		4C752C7320D24082008F6FB6 /* JKAddressPickView.h */ = {isa = PBXFileReference; fileEncoding = 4; lastKnownFileType = sourcecode.c.h; path = JKAddressPickView.h; sourceTree = "<group>"; };
		4C752C7520D24108008F6FB6 /* UIView+Category.h */ = {isa = PBXFileReference; lastKnownFileType = sourcecode.c.h; path = "UIView+Category.h"; sourceTree = "<group>"; };
		4C752C7620D24108008F6FB6 /* UIView+Category.m */ = {isa = PBXFileReference; lastKnownFileType = sourcecode.c.objc; path = "UIView+Category.m"; sourceTree = "<group>"; };
		4C752C7820D24263008F6FB6 /* area.json */ = {isa = PBXFileReference; fileEncoding = 4; lastKnownFileType = text.json; path = area.json; sourceTree = "<group>"; };
		4C752C7A20D24456008F6FB6 /* UIColor+Hex.h */ = {isa = PBXFileReference; fileEncoding = 4; lastKnownFileType = sourcecode.c.h; path = "UIColor+Hex.h"; sourceTree = "<group>"; };
		4C752C7B20D24456008F6FB6 /* UIColor+Hex.m */ = {isa = PBXFileReference; fileEncoding = 4; lastKnownFileType = sourcecode.c.objc; path = "UIColor+Hex.m"; sourceTree = "<group>"; };
		4C752C7D20D25BB3008F6FB6 /* JKAddressTableViewCell.h */ = {isa = PBXFileReference; lastKnownFileType = sourcecode.c.h; path = JKAddressTableViewCell.h; sourceTree = "<group>"; };
		4C752C7E20D25BB3008F6FB6 /* JKAddressTableViewCell.m */ = {isa = PBXFileReference; lastKnownFileType = sourcecode.c.objc; path = JKAddressTableViewCell.m; sourceTree = "<group>"; };
		4C752C7F20D25BB3008F6FB6 /* JKAddressTableViewCell.xib */ = {isa = PBXFileReference; lastKnownFileType = file.xib; path = JKAddressTableViewCell.xib; sourceTree = "<group>"; };
/* End PBXFileReference section */

/* Begin PBXFrameworksBuildPhase section */
		4C752C3920D23FF9008F6FB6 /* Frameworks */ = {
			isa = PBXFrameworksBuildPhase;
			buildActionMask = 2147483647;
			files = (
			);
			runOnlyForDeploymentPostprocessing = 0;
		};
		4C752C5120D23FFC008F6FB6 /* Frameworks */ = {
			isa = PBXFrameworksBuildPhase;
			buildActionMask = 2147483647;
			files = (
			);
			runOnlyForDeploymentPostprocessing = 0;
		};
		4C752C5C20D23FFC008F6FB6 /* Frameworks */ = {
			isa = PBXFrameworksBuildPhase;
			buildActionMask = 2147483647;
			files = (
			);
			runOnlyForDeploymentPostprocessing = 0;
		};
/* End PBXFrameworksBuildPhase section */

/* Begin PBXGroup section */
		4C752C3320D23FF9008F6FB6 = {
			isa = PBXGroup;
			children = (
				4C752C3E20D23FF9008F6FB6 /* JKAddressPickView */,
				4C752C5720D23FFC008F6FB6 /* JKAddressPickViewTests */,
				4C752C6220D23FFC008F6FB6 /* JKAddressPickViewUITests */,
				4C752C3D20D23FF9008F6FB6 /* Products */,
			);
			sourceTree = "<group>";
		};
		4C752C3D20D23FF9008F6FB6 /* Products */ = {
			isa = PBXGroup;
			children = (
				4C752C3C20D23FF9008F6FB6 /* JKAddressPickView.app */,
				4C752C5420D23FFC008F6FB6 /* JKAddressPickViewTests.xctest */,
				4C752C5F20D23FFC008F6FB6 /* JKAddressPickViewUITests.xctest */,
			);
			name = Products;
			sourceTree = "<group>";
		};
		4C752C3E20D23FF9008F6FB6 /* JKAddressPickView */ = {
			isa = PBXGroup;
			children = (
				4C752C7120D24045008F6FB6 /* JKAddressPickView */,
				4C752C3F20D23FF9008F6FB6 /* AppDelegate.h */,
				4C752C4020D23FFA008F6FB6 /* AppDelegate.m */,
				4C752C4220D23FFA008F6FB6 /* ViewController.h */,
				4C752C4320D23FFA008F6FB6 /* ViewController.m */,
				4C752C4520D23FFA008F6FB6 /* Main.storyboard */,
				4C752C4820D23FFB008F6FB6 /* Assets.xcassets */,
				4C752C4A20D23FFB008F6FB6 /* LaunchScreen.storyboard */,
				4C752C4D20D23FFB008F6FB6 /* Info.plist */,
				4C752C4E20D23FFB008F6FB6 /* main.m */,
			);
			path = JKAddressPickView;
			sourceTree = "<group>";
		};
		4C752C5720D23FFC008F6FB6 /* JKAddressPickViewTests */ = {
			isa = PBXGroup;
			children = (
				4C752C5820D23FFC008F6FB6 /* JKAddressPickViewTests.m */,
				4C752C5A20D23FFC008F6FB6 /* Info.plist */,
			);
			path = JKAddressPickViewTests;
			sourceTree = "<group>";
		};
		4C752C6220D23FFC008F6FB6 /* JKAddressPickViewUITests */ = {
			isa = PBXGroup;
			children = (
				4C752C6320D23FFC008F6FB6 /* JKAddressPickViewUITests.m */,
				4C752C6520D23FFC008F6FB6 /* Info.plist */,
			);
			path = JKAddressPickViewUITests;
			sourceTree = "<group>";
		};
		4C752C7120D24045008F6FB6 /* JKAddressPickView */ = {
			isa = PBXGroup;
			children = (
				4C752C7820D24263008F6FB6 /* area.json */,
				4C752C7320D24082008F6FB6 /* JKAddressPickView.h */,
				4C752C7220D24082008F6FB6 /* JKAddressPickView.m */,
				4C752C7520D24108008F6FB6 /* UIView+Category.h */,
				4C752C7620D24108008F6FB6 /* UIView+Category.m */,
				4C752C7A20D24456008F6FB6 /* UIColor+Hex.h */,
				4C752C7B20D24456008F6FB6 /* UIColor+Hex.m */,
				4C752C7D20D25BB3008F6FB6 /* JKAddressTableViewCell.h */,
				4C752C7E20D25BB3008F6FB6 /* JKAddressTableViewCell.m */,
				4C752C7F20D25BB3008F6FB6 /* JKAddressTableViewCell.xib */,
			);
			path = JKAddressPickView;
			sourceTree = "<group>";
		};
/* End PBXGroup section */

/* Begin PBXNativeTarget section */
		4C752C3B20D23FF9008F6FB6 /* JKAddressPickView */ = {
			isa = PBXNativeTarget;
			buildConfigurationList = 4C752C6820D23FFC008F6FB6 /* Build configuration list for PBXNativeTarget "JKAddressPickView" */;
			buildPhases = (
				4C752C3820D23FF9008F6FB6 /* Sources */,
				4C752C3920D23FF9008F6FB6 /* Frameworks */,
				4C752C3A20D23FF9008F6FB6 /* Resources */,
			);
			buildRules = (
			);
			dependencies = (
			);
			name = JKAddressPickView;
			productName = JKAddressPickView;
			productReference = 4C752C3C20D23FF9008F6FB6 /* JKAddressPickView.app */;
			productType = "com.apple.product-type.application";
		};
		4C752C5320D23FFC008F6FB6 /* JKAddressPickViewTests */ = {
			isa = PBXNativeTarget;
			buildConfigurationList = 4C752C6B20D23FFC008F6FB6 /* Build configuration list for PBXNativeTarget "JKAddressPickViewTests" */;
			buildPhases = (
				4C752C5020D23FFC008F6FB6 /* Sources */,
				4C752C5120D23FFC008F6FB6 /* Frameworks */,
				4C752C5220D23FFC008F6FB6 /* Resources */,
			);
			buildRules = (
			);
			dependencies = (
				4C752C5620D23FFC008F6FB6 /* PBXTargetDependency */,
			);
			name = JKAddressPickViewTests;
			productName = JKAddressPickViewTests;
			productReference = 4C752C5420D23FFC008F6FB6 /* JKAddressPickViewTests.xctest */;
			productType = "com.apple.product-type.bundle.unit-test";
		};
		4C752C5E20D23FFC008F6FB6 /* JKAddressPickViewUITests */ = {
			isa = PBXNativeTarget;
			buildConfigurationList = 4C752C6E20D23FFC008F6FB6 /* Build configuration list for PBXNativeTarget "JKAddressPickViewUITests" */;
			buildPhases = (
				4C752C5B20D23FFC008F6FB6 /* Sources */,
				4C752C5C20D23FFC008F6FB6 /* Frameworks */,
				4C752C5D20D23FFC008F6FB6 /* Resources */,
			);
			buildRules = (
			);
			dependencies = (
				4C752C6120D23FFC008F6FB6 /* PBXTargetDependency */,
			);
			name = JKAddressPickViewUITests;
			productName = JKAddressPickViewUITests;
			productReference = 4C752C5F20D23FFC008F6FB6 /* JKAddressPickViewUITests.xctest */;
			productType = "com.apple.product-type.bundle.ui-testing";
		};
/* End PBXNativeTarget section */

/* Begin PBXProject section */
		4C752C3420D23FF9008F6FB6 /* Project object */ = {
			isa = PBXProject;
			attributes = {
				LastUpgradeCheck = 0930;
				ORGANIZATIONNAME = JackySong;
				TargetAttributes = {
					4C752C3B20D23FF9008F6FB6 = {
						CreatedOnToolsVersion = 9.3;
					};
					4C752C5320D23FFC008F6FB6 = {
						CreatedOnToolsVersion = 9.3;
						TestTargetID = 4C752C3B20D23FF9008F6FB6;
					};
					4C752C5E20D23FFC008F6FB6 = {
						CreatedOnToolsVersion = 9.3;
						TestTargetID = 4C752C3B20D23FF9008F6FB6;
					};
				};
			};
			buildConfigurationList = 4C752C3720D23FF9008F6FB6 /* Build configuration list for PBXProject "JKAddressPickView" */;
			compatibilityVersion = "Xcode 9.3";
			developmentRegion = en;
			hasScannedForEncodings = 0;
			knownRegions = (
				en,
				Base,
			);
			mainGroup = 4C752C3320D23FF9008F6FB6;
			productRefGroup = 4C752C3D20D23FF9008F6FB6 /* Products */;
			projectDirPath = "";
			projectRoot = "";
			targets = (
				4C752C3B20D23FF9008F6FB6 /* JKAddressPickView */,
				4C752C5320D23FFC008F6FB6 /* JKAddressPickViewTests */,
				4C752C5E20D23FFC008F6FB6 /* JKAddressPickViewUITests */,
			);
		};
/* End PBXProject section */

/* Begin PBXResourcesBuildPhase section */
		4C752C3A20D23FF9008F6FB6 /* Resources */ = {
			isa = PBXResourcesBuildPhase;
			buildActionMask = 2147483647;
			files = (
				4C752C8120D25BB3008F6FB6 /* JKAddressTableViewCell.xib in Resources */,
				4C752C4C20D23FFB008F6FB6 /* LaunchScreen.storyboard in Resources */,
				4C752C4920D23FFB008F6FB6 /* Assets.xcassets in Resources */,
				4C752C7920D24263008F6FB6 /* area.json in Resources */,
				4C752C4720D23FFA008F6FB6 /* Main.storyboard in Resources */,
			);
			runOnlyForDeploymentPostprocessing = 0;
		};
		4C752C5220D23FFC008F6FB6 /* Resources */ = {
			isa = PBXResourcesBuildPhase;
			buildActionMask = 2147483647;
			files = (
			);
			runOnlyForDeploymentPostprocessing = 0;
		};
		4C752C5D20D23FFC008F6FB6 /* Resources */ = {
			isa = PBXResourcesBuildPhase;
			buildActionMask = 2147483647;
			files = (
			);
			runOnlyForDeploymentPostprocessing = 0;
		};
/* End PBXResourcesBuildPhase section */

/* Begin PBXSourcesBuildPhase section */
		4C752C3820D23FF9008F6FB6 /* Sources */ = {
			isa = PBXSourcesBuildPhase;
			buildActionMask = 2147483647;
			files = (
				4C752C7420D24082008F6FB6 /* JKAddressPickView.m in Sources */,
				4C752C7C20D24456008F6FB6 /* UIColor+Hex.m in Sources */,
				4C752C4420D23FFA008F6FB6 /* ViewController.m in Sources */,
				4C752C4F20D23FFB008F6FB6 /* main.m in Sources */,
				4C752C7720D24108008F6FB6 /* UIView+Category.m in Sources */,
				4C752C4120D23FFA008F6FB6 /* AppDelegate.m in Sources */,
				4C752C8020D25BB3008F6FB6 /* JKAddressTableViewCell.m in Sources */,
			);
			runOnlyForDeploymentPostprocessing = 0;
		};
		4C752C5020D23FFC008F6FB6 /* Sources */ = {
			isa = PBXSourcesBuildPhase;
			buildActionMask = 2147483647;
			files = (
				4C752C5920D23FFC008F6FB6 /* JKAddressPickViewTests.m in Sources */,
			);
			runOnlyForDeploymentPostprocessing = 0;
		};
		4C752C5B20D23FFC008F6FB6 /* Sources */ = {
			isa = PBXSourcesBuildPhase;
			buildActionMask = 2147483647;
			files = (
				4C752C6420D23FFC008F6FB6 /* JKAddressPickViewUITests.m in Sources */,
			);
			runOnlyForDeploymentPostprocessing = 0;
		};
/* End PBXSourcesBuildPhase section */

/* Begin PBXTargetDependency section */
		4C752C5620D23FFC008F6FB6 /* PBXTargetDependency */ = {
			isa = PBXTargetDependency;
			target = 4C752C3B20D23FF9008F6FB6 /* JKAddressPickView */;
			targetProxy = 4C752C5520D23FFC008F6FB6 /* PBXContainerItemProxy */;
		};
		4C752C6120D23FFC008F6FB6 /* PBXTargetDependency */ = {
			isa = PBXTargetDependency;
			target = 4C752C3B20D23FF9008F6FB6 /* JKAddressPickView */;
			targetProxy = 4C752C6020D23FFC008F6FB6 /* PBXContainerItemProxy */;
		};
/* End PBXTargetDependency section */

/* Begin PBXVariantGroup section */
		4C752C4520D23FFA008F6FB6 /* Main.storyboard */ = {
			isa = PBXVariantGroup;
			children = (
				4C752C4620D23FFA008F6FB6 /* Base */,
			);
			name = Main.storyboard;
			sourceTree = "<group>";
		};
		4C752C4A20D23FFB008F6FB6 /* LaunchScreen.storyboard */ = {
			isa = PBXVariantGroup;
			children = (
				4C752C4B20D23FFB008F6FB6 /* Base */,
			);
			name = LaunchScreen.storyboard;
			sourceTree = "<group>";
		};
/* End PBXVariantGroup section */

/* Begin XCBuildConfiguration section */
		4C752C6620D23FFC008F6FB6 /* Debug */ = {
			isa = XCBuildConfiguration;
			buildSettings = {
				ALWAYS_SEARCH_USER_PATHS = NO;
				CLANG_ANALYZER_NONNULL = YES;
				CLANG_ANALYZER_NUMBER_OBJECT_CONVERSION = YES_AGGRESSIVE;
				CLANG_CXX_LANGUAGE_STANDARD = "gnu++14";
				CLANG_CXX_LIBRARY = "libc++";
				CLANG_ENABLE_MODULES = YES;
				CLANG_ENABLE_OBJC_ARC = YES;
				CLANG_ENABLE_OBJC_WEAK = YES;
				CLANG_WARN_BLOCK_CAPTURE_AUTORELEASING = YES;
				CLANG_WARN_BOOL_CONVERSION = YES;
				CLANG_WARN_COMMA = YES;
				CLANG_WARN_CONSTANT_CONVERSION = YES;
				CLANG_WARN_DEPRECATED_OBJC_IMPLEMENTATIONS = YES;
				CLANG_WARN_DIRECT_OBJC_ISA_USAGE = YES_ERROR;
				CLANG_WARN_DOCUMENTATION_COMMENTS = YES;
				CLANG_WARN_EMPTY_BODY = YES;
				CLANG_WARN_ENUM_CONVERSION = YES;
				CLANG_WARN_INFINITE_RECURSION = YES;
				CLANG_WARN_INT_CONVERSION = YES;
				CLANG_WARN_NON_LITERAL_NULL_CONVERSION = YES;
				CLANG_WARN_OBJC_IMPLICIT_RETAIN_SELF = YES;
				CLANG_WARN_OBJC_LITERAL_CONVERSION = YES;
				CLANG_WARN_OBJC_ROOT_CLASS = YES_ERROR;
				CLANG_WARN_RANGE_LOOP_ANALYSIS = YES;
				CLANG_WARN_STRICT_PROTOTYPES = YES;
				CLANG_WARN_SUSPICIOUS_MOVE = YES;
				CLANG_WARN_UNGUARDED_AVAILABILITY = YES_AGGRESSIVE;
				CLANG_WARN_UNREACHABLE_CODE = YES;
				CLANG_WARN__DUPLICATE_METHOD_MATCH = YES;
				CODE_SIGN_IDENTITY = "iPhone Developer";
				COPY_PHASE_STRIP = NO;
				DEBUG_INFORMATION_FORMAT = dwarf;
				ENABLE_STRICT_OBJC_MSGSEND = YES;
				ENABLE_TESTABILITY = YES;
				GCC_C_LANGUAGE_STANDARD = gnu11;
				GCC_DYNAMIC_NO_PIC = NO;
				GCC_NO_COMMON_BLOCKS = YES;
				GCC_OPTIMIZATION_LEVEL = 0;
				GCC_PREPROCESSOR_DEFINITIONS = (
					"DEBUG=1",
					"$(inherited)",
				);
				GCC_WARN_64_TO_32_BIT_CONVERSION = YES;
				GCC_WARN_ABOUT_RETURN_TYPE = YES_ERROR;
				GCC_WARN_UNDECLARED_SELECTOR = YES;
				GCC_WARN_UNINITIALIZED_AUTOS = YES_AGGRESSIVE;
				GCC_WARN_UNUSED_FUNCTION = YES;
				GCC_WARN_UNUSED_VARIABLE = YES;
				IPHONEOS_DEPLOYMENT_TARGET = 11.3;
				MTL_ENABLE_DEBUG_INFO = YES;
				ONLY_ACTIVE_ARCH = YES;
				SDKROOT = iphoneos;
			};
			name = Debug;
		};
		4C752C6720D23FFC008F6FB6 /* Release */ = {
			isa = XCBuildConfiguration;
			buildSettings = {
				ALWAYS_SEARCH_USER_PATHS = NO;
				CLANG_ANALYZER_NONNULL = YES;
				CLANG_ANALYZER_NUMBER_OBJECT_CONVERSION = YES_AGGRESSIVE;
				CLANG_CXX_LANGUAGE_STANDARD = "gnu++14";
				CLANG_CXX_LIBRARY = "libc++";
				CLANG_ENABLE_MODULES = YES;
				CLANG_ENABLE_OBJC_ARC = YES;
				CLANG_ENABLE_OBJC_WEAK = YES;
				CLANG_WARN_BLOCK_CAPTURE_AUTORELEASING = YES;
				CLANG_WARN_BOOL_CONVERSION = YES;
				CLANG_WARN_COMMA = YES;
				CLANG_WARN_CONSTANT_CONVERSION = YES;
				CLANG_WARN_DEPRECATED_OBJC_IMPLEMENTATIONS = YES;
				CLANG_WARN_DIRECT_OBJC_ISA_USAGE = YES_ERROR;
				CLANG_WARN_DOCUMENTATION_COMMENTS = YES;
				CLANG_WARN_EMPTY_BODY = YES;
				CLANG_WARN_ENUM_CONVERSION = YES;
				CLANG_WARN_INFINITE_RECURSION = YES;
				CLANG_WARN_INT_CONVERSION = YES;
				CLANG_WARN_NON_LITERAL_NULL_CONVERSION = YES;
				CLANG_WARN_OBJC_IMPLICIT_RETAIN_SELF = YES;
				CLANG_WARN_OBJC_LITERAL_CONVERSION = YES;
				CLANG_WARN_OBJC_ROOT_CLASS = YES_ERROR;
				CLANG_WARN_RANGE_LOOP_ANALYSIS = YES;
				CLANG_WARN_STRICT_PROTOTYPES = YES;
				CLANG_WARN_SUSPICIOUS_MOVE = YES;
				CLANG_WARN_UNGUARDED_AVAILABILITY = YES_AGGRESSIVE;
				CLANG_WARN_UNREACHABLE_CODE = YES;
				CLANG_WARN__DUPLICATE_METHOD_MATCH = YES;
				CODE_SIGN_IDENTITY = "iPhone Developer";
				COPY_PHASE_STRIP = NO;
				DEBUG_INFORMATION_FORMAT = "dwarf-with-dsym";
				ENABLE_NS_ASSERTIONS = NO;
				ENABLE_STRICT_OBJC_MSGSEND = YES;
				GCC_C_LANGUAGE_STANDARD = gnu11;
				GCC_NO_COMMON_BLOCKS = YES;
				GCC_WARN_64_TO_32_BIT_CONVERSION = YES;
				GCC_WARN_ABOUT_RETURN_TYPE = YES_ERROR;
				GCC_WARN_UNDECLARED_SELECTOR = YES;
				GCC_WARN_UNINITIALIZED_AUTOS = YES_AGGRESSIVE;
				GCC_WARN_UNUSED_FUNCTION = YES;
				GCC_WARN_UNUSED_VARIABLE = YES;
				IPHONEOS_DEPLOYMENT_TARGET = 11.3;
				MTL_ENABLE_DEBUG_INFO = NO;
				SDKROOT = iphoneos;
				VALIDATE_PRODUCT = YES;
			};
			name = Release;
		};
		4C752C6920D23FFC008F6FB6 /* Debug */ = {
			isa = XCBuildConfiguration;
			buildSettings = {
				ASSETCATALOG_COMPILER_APPICON_NAME = AppIcon;
				CODE_SIGN_STYLE = Automatic;
				DEVELOPMENT_TEAM = 4TCW3KT5AU;
				INFOPLIST_FILE = JKAddressPickView/Info.plist;
				LD_RUNPATH_SEARCH_PATHS = (
					"$(inherited)",
					"@executable_path/Frameworks",
				);
				PRODUCT_BUNDLE_IDENTIFIER = yjyx.JKAddressPickView;
				PRODUCT_NAME = "$(TARGET_NAME)";
				TARGETED_DEVICE_FAMILY = "1,2";
			};
			name = Debug;
		};
		4C752C6A20D23FFC008F6FB6 /* Release */ = {
			isa = XCBuildConfiguration;
			buildSettings = {
				ASSETCATALOG_COMPILER_APPICON_NAME = AppIcon;
				CODE_SIGN_STYLE = Automatic;
				DEVELOPMENT_TEAM = 4TCW3KT5AU;
				INFOPLIST_FILE = JKAddressPickView/Info.plist;
				LD_RUNPATH_SEARCH_PATHS = (
					"$(inherited)",
					"@executable_path/Frameworks",
				);
				PRODUCT_BUNDLE_IDENTIFIER = yjyx.JKAddressPickView;
				PRODUCT_NAME = "$(TARGET_NAME)";
				TARGETED_DEVICE_FAMILY = "1,2";
			};
			name = Release;
		};
		4C752C6C20D23FFC008F6FB6 /* Debug */ = {
			isa = XCBuildConfiguration;
			buildSettings = {
				BUNDLE_LOADER = "$(TEST_HOST)";
				CODE_SIGN_STYLE = Automatic;
				DEVELOPMENT_TEAM = 4TCW3KT5AU;
				INFOPLIST_FILE = JKAddressPickViewTests/Info.plist;
				LD_RUNPATH_SEARCH_PATHS = (
					"$(inherited)",
					"@executable_path/Frameworks",
					"@loader_path/Frameworks",
				);
				PRODUCT_BUNDLE_IDENTIFIER = yjyx.JKAddressPickViewTests;
				PRODUCT_NAME = "$(TARGET_NAME)";
				TARGETED_DEVICE_FAMILY = "1,2";
				TEST_HOST = "$(BUILT_PRODUCTS_DIR)/JKAddressPickView.app/JKAddressPickView";
			};
			name = Debug;
		};
		4C752C6D20D23FFC008F6FB6 /* Release */ = {
			isa = XCBuildConfiguration;
			buildSettings = {
				BUNDLE_LOADER = "$(TEST_HOST)";
				CODE_SIGN_STYLE = Automatic;
				DEVELOPMENT_TEAM = 4TCW3KT5AU;
				INFOPLIST_FILE = JKAddressPickViewTests/Info.plist;
				LD_RUNPATH_SEARCH_PATHS = (
					"$(inherited)",
					"@executable_path/Frameworks",
					"@loader_path/Frameworks",
				);
				PRODUCT_BUNDLE_IDENTIFIER = yjyx.JKAddressPickViewTests;
				PRODUCT_NAME = "$(TARGET_NAME)";
				TARGETED_DEVICE_FAMILY = "1,2";
				TEST_HOST = "$(BUILT_PRODUCTS_DIR)/JKAddressPickView.app/JKAddressPickView";
			};
			name = Release;
		};
		4C752C6F20D23FFC008F6FB6 /* Debug */ = {
			isa = XCBuildConfiguration;
			buildSettings = {
				CODE_SIGN_STYLE = Automatic;
				DEVELOPMENT_TEAM = 4TCW3KT5AU;
				INFOPLIST_FILE = JKAddressPickViewUITests/Info.plist;
				LD_RUNPATH_SEARCH_PATHS = (
					"$(inherited)",
					"@executable_path/Frameworks",
					"@loader_path/Frameworks",
				);
				PRODUCT_BUNDLE_IDENTIFIER = yjyx.JKAddressPickViewUITests;
				PRODUCT_NAME = "$(TARGET_NAME)";
				TARGETED_DEVICE_FAMILY = "1,2";
				TEST_TARGET_NAME = JKAddressPickView;
			};
			name = Debug;
		};
		4C752C7020D23FFC008F6FB6 /* Release */ = {
			isa = XCBuildConfiguration;
			buildSettings = {
				CODE_SIGN_STYLE = Automatic;
				DEVELOPMENT_TEAM = 4TCW3KT5AU;
				INFOPLIST_FILE = JKAddressPickViewUITests/Info.plist;
				LD_RUNPATH_SEARCH_PATHS = (
					"$(inherited)",
					"@executable_path/Frameworks",
					"@loader_path/Frameworks",
				);
				PRODUCT_BUNDLE_IDENTIFIER = yjyx.JKAddressPickViewUITests;
				PRODUCT_NAME = "$(TARGET_NAME)";
				TARGETED_DEVICE_FAMILY = "1,2";
				TEST_TARGET_NAME = JKAddressPickView;
			};
			name = Release;
		};
/* End XCBuildConfiguration section */

/* Begin XCConfigurationList section */
		4C752C3720D23FF9008F6FB6 /* Build configuration list for PBXProject "JKAddressPickView" */ = {
			isa = XCConfigurationList;
			buildConfigurations = (
				4C752C6620D23FFC008F6FB6 /* Debug */,
				4C752C6720D23FFC008F6FB6 /* Release */,
			);
			defaultConfigurationIsVisible = 0;
			defaultConfigurationName = Release;
		};
		4C752C6820D23FFC008F6FB6 /* Build configuration list for PBXNativeTarget "JKAddressPickView" */ = {
			isa = XCConfigurationList;
			buildConfigurations = (
				4C752C6920D23FFC008F6FB6 /* Debug */,
				4C752C6A20D23FFC008F6FB6 /* Release */,
			);
			defaultConfigurationIsVisible = 0;
			defaultConfigurationName = Release;
		};
		4C752C6B20D23FFC008F6FB6 /* Build configuration list for PBXNativeTarget "JKAddressPickViewTests" */ = {
			isa = XCConfigurationList;
			buildConfigurations = (
				4C752C6C20D23FFC008F6FB6 /* Debug */,
				4C752C6D20D23FFC008F6FB6 /* Release */,
			);
			defaultConfigurationIsVisible = 0;
			defaultConfigurationName = Release;
		};
		4C752C6E20D23FFC008F6FB6 /* Build configuration list for PBXNativeTarget "JKAddressPickViewUITests" */ = {
			isa = XCConfigurationList;
			buildConfigurations = (
				4C752C6F20D23FFC008F6FB6 /* Debug */,
				4C752C7020D23FFC008F6FB6 /* Release */,
			);
			defaultConfigurationIsVisible = 0;
			defaultConfigurationName = Release;
		};
/* End XCConfigurationList section */
	};
	rootObject = 4C752C3420D23FF9008F6FB6 /* Project object */;
}
